
Microsoft Visual Studio Solution File, Format Version 12.00
# Visual Studio Version 17
VisualStudioVersion = 17.8.34330.188
MinimumVisualStudioVersion = 10.0.40219.1
Project("{FAE04EC0-301F-11D3-BF4B-00C04F79EFBC}") = "DesignPattern-CQRS", "DesignPattern-CQRS\DesignPattern-CQRS.csproj", "{54EF848A-6DCC-4F26-9441-2783E6ECB17A}"
EndProject
Global
	GlobalSection(SolutionConfigurationPlatforms) = preSolution
		Debug|Any CPU = Debug|Any CPU
		Release|Any CPU = Release|Any CPU
	EndGlobalSection
	GlobalSection(ProjectConfigurationPlatforms) = postSolution
		{54EF848A-6DCC-4F26-9441-2783E6ECB17A}.Debug|Any CPU.ActiveCfg = Debug|Any CPU
		{54EF848A-6DCC-4F26-9441-2783E6ECB17A}.Debug|Any CPU.Build.0 = Debug|Any CPU
		{54EF848A-6DCC-4F26-9441-2783E6ECB17A}.Release|Any CPU.ActiveCfg = Release|Any CPU
		{54EF848A-6DCC-4F26-9441-2783E6ECB17A}.Release|Any CPU.Build.0 = Release|Any CPU
	EndGlobalSection
	GlobalSection(SolutionProperties) = preSolution
		HideSolutionNode = FALSE
	EndGlobalSection
	GlobalSection(ExtensibilityGlobals) = postSolution
		SolutionGuid = {FFAA6989-7609-4DBC-BAFE-F6F11E9764E8}
	EndGlobalSection
EndGlobal
